{
  "name": "docgenerator-for-ace",
  "version": "1.0.0",
  "lockfileVersion": 3,
  "requires": true,
  "packages": {
    "": {
      "name": "docgenerator-for-ace",
      "version": "1.0.0",
      "dependencies": {
        "typedoc": "^0.27.3",
        "typescript": "^5.7.2"
      }
    },
    "node_modules/@gerrit0/mini-shiki": {
      "version": "1.24.1",
      "license": "MIT",
      "dependencies": {
        "@shikijs/engine-oniguruma": "^1.24.0",
        "@shikijs/types": "^1.24.0",
        "@shikijs/vscode-textmate": "^9.3.0"
      }
    },
    "node_modules/@shikijs/engine-oniguruma": {
      "version": "1.24.0",
      "license": "MIT",
      "dependencies": {
        "@shikijs/types": "1.24.0",
        "@shikijs/vscode-textmate": "^9.3.0"
      }
    },
    "node_modules/@shikijs/types": {
      "version": "1.24.0",
      "license": "MIT",
      "dependencies": {
        "@shikijs/vscode-textmate": "^9.3.0",
        "@types/hast": "^3.0.4"
      }
    },
    "node_modules/@shikijs/vscode-textmate": {
      "version": "9.3.0",
      "license": "MIT"
    },
    "node_modules/@types/hast": {
      "version": "3.0.4",
      "license": "MIT",
      "dependencies": {
        "@types/unist": "*"
      }
    },
    "node_modules/@types/unist": {
      "version": "3.0.3",
      "license": "MIT"
    },
    "node_modules/argparse": {
      "version": "2.0.1",
      "license": "Python-2.0"
    },
    "node_modules/balanced-match": {
      "version": "1.0.2",
      "license": "MIT"
    },
    "node_modules/brace-expansion": {
      "version": "2.0.1",
      "license": "MIT",
      "dependencies": {
        "balanced-match": "^1.0.0"
      }
    },
    "node_modules/entities": {
      "version": "4.5.0",
      "license": "BSD-2-Clause",
      "engines": {
        "node": ">=0.12"
      },
      "funding": {
        "url": "https://github.com/fb55/entities?sponsor=1"
      }
    },
    "node_modules/linkify-it": {
      "version": "5.0.0",
      "license": "MIT",
      "dependencies": {
        "uc.micro": "^2.0.0"
      }
    },
    "node_modules/lunr": {
      "version": "2.3.9",
      "license": "MIT"
    },
    "node_modules/markdown-it": {
      "version": "14.1.0",
      "license": "MIT",
      "dependencies": {
        "argparse": "^2.0.1",
        "entities": "^4.4.0",
        "linkify-it": "^5.0.0",
        "mdurl": "^2.0.0",
        "punycode.js": "^2.3.1",
        "uc.micro": "^2.1.0"
      },
      "bin": {
        "markdown-it": "bin/markdown-it.mjs"
      }
    },
    "node_modules/mdurl": {
      "version": "2.0.0",
      "license": "MIT"
    },
    "node_modules/minimatch": {
      "version": "9.0.5",
      "license": "ISC",
      "dependencies": {
        "brace-expansion": "^2.0.1"
      },
      "engines": {
        "node": ">=16 || 14 >=14.17"
      },
      "funding": {
        "url": "https://github.com/sponsors/isaacs"
      }
    },
    "node_modules/punycode.js": {
      "version": "2.3.1",
      "license": "MIT",
      "engines": {
        "node": ">=6"
      }
    },
    "node_modules/typedoc": {
      "version": "0.27.3",
      "license": "Apache-2.0",
      "dependencies": {
        "@gerrit0/mini-shiki": "^1.24.0",
        "lunr": "^2.3.9",
        "markdown-it": "^14.1.0",
        "minimatch": "^9.0.5",
        "yaml": "^2.6.1"
      },
      "bin": {
        "typedoc": "bin/typedoc"
      },
      "engines": {
        "node": ">= 18"
      },
      "peerDependencies": {
        "typescript": "5.0.x || 5.1.x || 5.2.x || 5.3.x || 5.4.x || 5.5.x || 5.6.x || 5.7.x"
      }
    },
    "node_modules/typescript": {
      "version": "5.7.2",
      "license": "Apache-2.0",
      "bin": {
        "tsc": "bin/tsc",
        "tsserver": "bin/tsserver"
      },
      "engines": {
        "node": ">=14.17"
      }
    },
    "node_modules/uc.micro": {
      "version": "2.1.0",
      "license": "MIT"
    },
    "node_modules/yaml": {
      "version": "2.6.1",
      "license": "ISC",
      "bin": {
        "yaml": "bin.mjs"
      },
      "engines": {
        "node": ">= 14"
      }
    }
  }
}
